
Microsoft Visual Studio Solution File, Format Version 12.00
# Visual Studio 15
VisualStudioVersion = 15.0.26124.0
MinimumVisualStudioVersion = 15.0.26124.0
Project("{2150E333-8FDC-42A3-9474-1A3956D46DE8}") = "src", "src", "{493099D4-0D76-4BA9-9F0B-94CAEBCAED4D}"
EndProject
Project("{2150E333-8FDC-42A3-9474-1A3956D46DE8}") = "Core", "Core", "{1C9A5471-B7A4-4656-9660-A8574152F711}"
EndProject
Project("{2150E333-8FDC-42A3-9474-1A3956D46DE8}") = "Lessons", "Lessons", "{41129906-67E7-4649-85A6-FABB9E8871DF}"
EndProject
Project("{FAE04EC0-301F-11D3-BF4B-00C04F79EFBC}") = "Lesson1", "src\Core\Lessons\Lesson1\Lesson1.csproj", "{D9680B84-BAD7-454B-8DD1-31FB8F2BCCFE}"
EndProject
Project("{2150E333-8FDC-42A3-9474-1A3956D46DE8}") = "tests", "tests", "{FE3B9AD8-965F-4FC0-A48D-60458D915EF0}"
EndProject
Project("{2150E333-8FDC-42A3-9474-1A3956D46DE8}") = "Core", "Core", "{287BACA4-EA66-4497-9DB2-298D90991B1D}"
EndProject
Project("{FAE04EC0-301F-11D3-BF4B-00C04F79EFBC}") = "Lesson.Tests", "tests\Core\Lesson.Tests\Lesson.Tests.csproj", "{77DB5CD8-BBCD-43BB-8546-B8F2EAA88F42}"
EndProject
Project("{FAE04EC0-301F-11D3-BF4B-00C04F79EFBC}") = "TestsCore", "tests\TestsCore\TestsCore.csproj", "{C42D6385-09CC-46D2-A6C6-CD1A05FD4EAA}"
EndProject
Global
	GlobalSection(SolutionConfigurationPlatforms) = preSolution
		Debug|Any CPU = Debug|Any CPU
		Debug|x64 = Debug|x64
		Debug|x86 = Debug|x86
		Release|Any CPU = Release|Any CPU
		Release|x64 = Release|x64
		Release|x86 = Release|x86
	EndGlobalSection
	GlobalSection(SolutionProperties) = preSolution
		HideSolutionNode = FALSE
	EndGlobalSection
	GlobalSection(ProjectConfigurationPlatforms) = postSolution
		{D9680B84-BAD7-454B-8DD1-31FB8F2BCCFE}.Debug|Any CPU.ActiveCfg = Debug|Any CPU
		{D9680B84-BAD7-454B-8DD1-31FB8F2BCCFE}.Debug|Any CPU.Build.0 = Debug|Any CPU
		{D9680B84-BAD7-454B-8DD1-31FB8F2BCCFE}.Debug|x64.ActiveCfg = Debug|Any CPU
		{D9680B84-BAD7-454B-8DD1-31FB8F2BCCFE}.Debug|x64.Build.0 = Debug|Any CPU
		{D9680B84-BAD7-454B-8DD1-31FB8F2BCCFE}.Debug|x86.ActiveCfg = Debug|Any CPU
		{D9680B84-BAD7-454B-8DD1-31FB8F2BCCFE}.Debug|x86.Build.0 = Debug|Any CPU
		{D9680B84-BAD7-454B-8DD1-31FB8F2BCCFE}.Release|Any CPU.ActiveCfg = Release|Any CPU
		{D9680B84-BAD7-454B-8DD1-31FB8F2BCCFE}.Release|Any CPU.Build.0 = Release|Any CPU
		{D9680B84-BAD7-454B-8DD1-31FB8F2BCCFE}.Release|x64.ActiveCfg = Release|Any CPU
		{D9680B84-BAD7-454B-8DD1-31FB8F2BCCFE}.Release|x64.Build.0 = Release|Any CPU
		{D9680B84-BAD7-454B-8DD1-31FB8F2BCCFE}.Release|x86.ActiveCfg = Release|Any CPU
		{D9680B84-BAD7-454B-8DD1-31FB8F2BCCFE}.Release|x86.Build.0 = Release|Any CPU
		{77DB5CD8-BBCD-43BB-8546-B8F2EAA88F42}.Debug|Any CPU.ActiveCfg = Debug|Any CPU
		{77DB5CD8-BBCD-43BB-8546-B8F2EAA88F42}.Debug|Any CPU.Build.0 = Debug|Any CPU
		{77DB5CD8-BBCD-43BB-8546-B8F2EAA88F42}.Debug|x64.ActiveCfg = Debug|Any CPU
		{77DB5CD8-BBCD-43BB-8546-B8F2EAA88F42}.Debug|x64.Build.0 = Debug|Any CPU
		{77DB5CD8-BBCD-43BB-8546-B8F2EAA88F42}.Debug|x86.ActiveCfg = Debug|Any CPU
		{77DB5CD8-BBCD-43BB-8546-B8F2EAA88F42}.Debug|x86.Build.0 = Debug|Any CPU
		{77DB5CD8-BBCD-43BB-8546-B8F2EAA88F42}.Release|Any CPU.ActiveCfg = Release|Any CPU
		{77DB5CD8-BBCD-43BB-8546-B8F2EAA88F42}.Release|Any CPU.Build.0 = Release|Any CPU
		{77DB5CD8-BBCD-43BB-8546-B8F2EAA88F42}.Release|x64.ActiveCfg = Release|Any CPU
		{77DB5CD8-BBCD-43BB-8546-B8F2EAA88F42}.Release|x64.Build.0 = Release|Any CPU
		{77DB5CD8-BBCD-43BB-8546-B8F2EAA88F42}.Release|x86.ActiveCfg = Release|Any CPU
		{77DB5CD8-BBCD-43BB-8546-B8F2EAA88F42}.Release|x86.Build.0 = Release|Any CPU
		{C42D6385-09CC-46D2-A6C6-CD1A05FD4EAA}.Debug|Any CPU.ActiveCfg = Debug|Any CPU
		{C42D6385-09CC-46D2-A6C6-CD1A05FD4EAA}.Debug|Any CPU.Build.0 = Debug|Any CPU
		{C42D6385-09CC-46D2-A6C6-CD1A05FD4EAA}.Debug|x64.ActiveCfg = Debug|Any CPU
		{C42D6385-09CC-46D2-A6C6-CD1A05FD4EAA}.Debug|x64.Build.0 = Debug|Any CPU
		{C42D6385-09CC-46D2-A6C6-CD1A05FD4EAA}.Debug|x86.ActiveCfg = Debug|Any CPU
		{C42D6385-09CC-46D2-A6C6-CD1A05FD4EAA}.Debug|x86.Build.0 = Debug|Any CPU
		{C42D6385-09CC-46D2-A6C6-CD1A05FD4EAA}.Release|Any CPU.ActiveCfg = Release|Any CPU
		{C42D6385-09CC-46D2-A6C6-CD1A05FD4EAA}.Release|Any CPU.Build.0 = Release|Any CPU
		{C42D6385-09CC-46D2-A6C6-CD1A05FD4EAA}.Release|x64.ActiveCfg = Release|Any CPU
		{C42D6385-09CC-46D2-A6C6-CD1A05FD4EAA}.Release|x64.Build.0 = Release|Any CPU
		{C42D6385-09CC-46D2-A6C6-CD1A05FD4EAA}.Release|x86.ActiveCfg = Release|Any CPU
		{C42D6385-09CC-46D2-A6C6-CD1A05FD4EAA}.Release|x86.Build.0 = Release|Any CPU
	EndGlobalSection
	GlobalSection(NestedProjects) = preSolution
		{1C9A5471-B7A4-4656-9660-A8574152F711} = {493099D4-0D76-4BA9-9F0B-94CAEBCAED4D}
		{41129906-67E7-4649-85A6-FABB9E8871DF} = {1C9A5471-B7A4-4656-9660-A8574152F711}
		{D9680B84-BAD7-454B-8DD1-31FB8F2BCCFE} = {41129906-67E7-4649-85A6-FABB9E8871DF}
		{287BACA4-EA66-4497-9DB2-298D90991B1D} = {FE3B9AD8-965F-4FC0-A48D-60458D915EF0}
		{77DB5CD8-BBCD-43BB-8546-B8F2EAA88F42} = {287BACA4-EA66-4497-9DB2-298D90991B1D}
		{C42D6385-09CC-46D2-A6C6-CD1A05FD4EAA} = {FE3B9AD8-965F-4FC0-A48D-60458D915EF0}
	EndGlobalSection
EndGlobal
