
Microsoft Visual Studio Solution File, Format Version 12.00
# Visual Studio 15
VisualStudioVersion = 15.0.26430.16
MinimumVisualStudioVersion = 10.0.40219.1
Project("{2150E333-8FDC-42A3-9474-1A3956D46DE8}") = "src", "src", "{A2892823-A923-48BE-A5C4-69E410879540}"
EndProject
Project("{2150E333-8FDC-42A3-9474-1A3956D46DE8}") = "tests", "tests", "{703D6110-3D92-411C-8CAF-36975DF13897}"
EndProject
Project("{2150E333-8FDC-42A3-9474-1A3956D46DE8}") = "Core", "Core", "{83CBBBA5-ABF7-42C5-80B4-72FFF4245A94}"
EndProject
Project("{2150E333-8FDC-42A3-9474-1A3956D46DE8}") = "Lessons", "Lessons", "{BC4021E8-F552-488E-84C3-A26ED889C97B}"
EndProject
Project("{2150E333-8FDC-42A3-9474-1A3956D46DE8}") = "Core", "Core", "{7EB503F5-3AF8-4886-8550-1FFF408167FB}"
EndProject
Project("{FAE04EC0-301F-11D3-BF4B-00C04F79EFBC}") = "TestsCore", "tests\TestsCore\TestsCore.csproj", "{A62F50C3-C6C9-41B4-8924-CFCDDC5F8C2E}"
EndProject
Project("{FAE04EC0-301F-11D3-BF4B-00C04F79EFBC}") = "Lesson.Tests", "tests\Core\Lesson.Tests\Lesson.Tests.csproj", "{E40B4A31-18DE-4194-8788-DC79B341E142}"
EndProject
Project("{2150E333-8FDC-42A3-9474-1A3956D46DE8}") = "Lesson1", "Lesson1", "{B764C267-6CB1-4138-B482-3E451E5FF2A2}"
EndProject
Project("{FAE04EC0-301F-11D3-BF4B-00C04F79EFBC}") = "Iterations", "src\Core\Lessons\Lesson1\Iterations.csproj", "{8B29FBC6-E356-486A-806E-0C45801E7C2C}"
EndProject
Global
	GlobalSection(SolutionConfigurationPlatforms) = preSolution
		Debug|Any CPU = Debug|Any CPU
		Release|Any CPU = Release|Any CPU
	EndGlobalSection
	GlobalSection(ProjectConfigurationPlatforms) = postSolution
		{A62F50C3-C6C9-41B4-8924-CFCDDC5F8C2E}.Debug|Any CPU.ActiveCfg = Debug|Any CPU
		{A62F50C3-C6C9-41B4-8924-CFCDDC5F8C2E}.Debug|Any CPU.Build.0 = Debug|Any CPU
		{A62F50C3-C6C9-41B4-8924-CFCDDC5F8C2E}.Release|Any CPU.ActiveCfg = Release|Any CPU
		{A62F50C3-C6C9-41B4-8924-CFCDDC5F8C2E}.Release|Any CPU.Build.0 = Release|Any CPU
		{E40B4A31-18DE-4194-8788-DC79B341E142}.Debug|Any CPU.ActiveCfg = Debug|Any CPU
		{E40B4A31-18DE-4194-8788-DC79B341E142}.Debug|Any CPU.Build.0 = Debug|Any CPU
		{E40B4A31-18DE-4194-8788-DC79B341E142}.Release|Any CPU.ActiveCfg = Release|Any CPU
		{E40B4A31-18DE-4194-8788-DC79B341E142}.Release|Any CPU.Build.0 = Release|Any CPU
		{8B29FBC6-E356-486A-806E-0C45801E7C2C}.Debug|Any CPU.ActiveCfg = Debug|Any CPU
		{8B29FBC6-E356-486A-806E-0C45801E7C2C}.Debug|Any CPU.Build.0 = Debug|Any CPU
		{8B29FBC6-E356-486A-806E-0C45801E7C2C}.Release|Any CPU.ActiveCfg = Release|Any CPU
		{8B29FBC6-E356-486A-806E-0C45801E7C2C}.Release|Any CPU.Build.0 = Release|Any CPU
	EndGlobalSection
	GlobalSection(SolutionProperties) = preSolution
		HideSolutionNode = FALSE
	EndGlobalSection
	GlobalSection(NestedProjects) = preSolution
		{83CBBBA5-ABF7-42C5-80B4-72FFF4245A94} = {A2892823-A923-48BE-A5C4-69E410879540}
		{BC4021E8-F552-488E-84C3-A26ED889C97B} = {83CBBBA5-ABF7-42C5-80B4-72FFF4245A94}
		{7EB503F5-3AF8-4886-8550-1FFF408167FB} = {703D6110-3D92-411C-8CAF-36975DF13897}
		{A62F50C3-C6C9-41B4-8924-CFCDDC5F8C2E} = {703D6110-3D92-411C-8CAF-36975DF13897}
		{E40B4A31-18DE-4194-8788-DC79B341E142} = {7EB503F5-3AF8-4886-8550-1FFF408167FB}
		{B764C267-6CB1-4138-B482-3E451E5FF2A2} = {BC4021E8-F552-488E-84C3-A26ED889C97B}
		{8B29FBC6-E356-486A-806E-0C45801E7C2C} = {B764C267-6CB1-4138-B482-3E451E5FF2A2}
	EndGlobalSection
EndGlobal
